
Microsoft Visual Studio Solution File, Format Version 12.00
# Visual Studio 15
VisualStudioVersion = 15.0.27703.2042
MinimumVisualStudioVersion = 10.0.40219.1
Project("{9A19103F-16F7-4668-BE54-9A1E7A4F7556}") = "Resonance.UseCases", "Resonance.UseCases\Resonance.UseCases.csproj", "{0F0C64D4-0949-4A68-BA60-A44E996B665F}"
EndProject
Project("{FAE04EC0-301F-11D3-BF4B-00C04F79EFBC}") = "Resonance.UseCases.Contracts", "Resonance.UseCases.Contracts\Resonance.UseCases.Contracts.csproj", "{58D8D947-B492-4D0D-AB7D-35809DE75B6F}"
EndProject
Global
	GlobalSection(SolutionConfigurationPlatforms) = preSolution
		Debug|Any CPU = Debug|Any CPU
		Release|Any CPU = Release|Any CPU
	EndGlobalSection
	GlobalSection(ProjectConfigurationPlatforms) = postSolution
		{0F0C64D4-0949-4A68-BA60-A44E996B665F}.Debug|Any CPU.ActiveCfg = Debug|Any CPU
		{0F0C64D4-0949-4A68-BA60-A44E996B665F}.Debug|Any CPU.Build.0 = Debug|Any CPU
		{0F0C64D4-0949-4A68-BA60-A44E996B665F}.Release|Any CPU.ActiveCfg = Release|Any CPU
		{0F0C64D4-0949-4A68-BA60-A44E996B665F}.Release|Any CPU.Build.0 = Release|Any CPU
		{58D8D947-B492-4D0D-AB7D-35809DE75B6F}.Debug|Any CPU.ActiveCfg = Debug|Any CPU
		{58D8D947-B492-4D0D-AB7D-35809DE75B6F}.Debug|Any CPU.Build.0 = Debug|Any CPU
		{58D8D947-B492-4D0D-AB7D-35809DE75B6F}.Release|Any CPU.ActiveCfg = Release|Any CPU
		{58D8D947-B492-4D0D-AB7D-35809DE75B6F}.Release|Any CPU.Build.0 = Release|Any CPU
	EndGlobalSection
	GlobalSection(SolutionProperties) = preSolution
		HideSolutionNode = FALSE
	EndGlobalSection
	GlobalSection(ExtensibilityGlobals) = postSolution
		SolutionGuid = {F03A2F44-BD4B-4182-AD91-398562B60025}
	EndGlobalSection
EndGlobal
